
Microsoft Visual Studio Solution File, Format Version 12.00
# Visual Studio Version 17
VisualStudioVersion = 17.0.32112.339
MinimumVisualStudioVersion = 10.0.40219.1
Project("{9A19103F-16F7-4668-BE54-9A1E7A4F7556}") = "EcommerceCompany", "EcommerceCompany\EcommerceCompany.csproj", "{F733BB07-0F53-4E82-AB3B-672909FA79F7}"
EndProject
Project("{9A19103F-16F7-4668-BE54-9A1E7A4F7556}") = "EcommerceCompany.Domain", "EcommerceCompany.Domain\EcommerceCompany.Domain.csproj", "{F22CF753-84BF-4309-AD85-D0502600C182}"
EndProject
Project("{FAE04EC0-301F-11D3-BF4B-00C04F79EFBC}") = "EcommerceCompanyTests", "EcommerceCompanyTests\EcommerceCompanyTests.csproj", "{2B9B3B06-4C64-4F6E-9A6A-7F4A2BE7542F}"
EndProject
Project("{FAE04EC0-301F-11D3-BF4B-00C04F79EFBC}") = "EcommerceCompany.Application", "EcommerceCompany.Application\EcommerceCompany.Application.csproj", "{BD2DF4E7-D6EA-405E-BD73-EE773B671B01}"
EndProject
Project("{FAE04EC0-301F-11D3-BF4B-00C04F79EFBC}") = "EcommerceCompany.Infrastructure", "EcommerceCompany.Infrastructure\EcommerceCompany.Infrastructure.csproj", "{AF267FBE-6991-4D55-AD48-1A2FC80BE87F}"
EndProject
Global
	GlobalSection(SolutionConfigurationPlatforms) = preSolution
		Debug|Any CPU = Debug|Any CPU
		Release|Any CPU = Release|Any CPU
	EndGlobalSection
	GlobalSection(ProjectConfigurationPlatforms) = postSolution
		{F733BB07-0F53-4E82-AB3B-672909FA79F7}.Debug|Any CPU.ActiveCfg = Debug|Any CPU
		{F733BB07-0F53-4E82-AB3B-672909FA79F7}.Debug|Any CPU.Build.0 = Debug|Any CPU
		{F733BB07-0F53-4E82-AB3B-672909FA79F7}.Release|Any CPU.ActiveCfg = Release|Any CPU
		{F733BB07-0F53-4E82-AB3B-672909FA79F7}.Release|Any CPU.Build.0 = Release|Any CPU
		{F22CF753-84BF-4309-AD85-D0502600C182}.Debug|Any CPU.ActiveCfg = Debug|Any CPU
		{F22CF753-84BF-4309-AD85-D0502600C182}.Debug|Any CPU.Build.0 = Debug|Any CPU
		{F22CF753-84BF-4309-AD85-D0502600C182}.Release|Any CPU.ActiveCfg = Release|Any CPU
		{F22CF753-84BF-4309-AD85-D0502600C182}.Release|Any CPU.Build.0 = Release|Any CPU
		{2B9B3B06-4C64-4F6E-9A6A-7F4A2BE7542F}.Debug|Any CPU.ActiveCfg = Debug|Any CPU
		{2B9B3B06-4C64-4F6E-9A6A-7F4A2BE7542F}.Debug|Any CPU.Build.0 = Debug|Any CPU
		{2B9B3B06-4C64-4F6E-9A6A-7F4A2BE7542F}.Release|Any CPU.ActiveCfg = Release|Any CPU
		{2B9B3B06-4C64-4F6E-9A6A-7F4A2BE7542F}.Release|Any CPU.Build.0 = Release|Any CPU
		{BD2DF4E7-D6EA-405E-BD73-EE773B671B01}.Debug|Any CPU.ActiveCfg = Debug|Any CPU
		{BD2DF4E7-D6EA-405E-BD73-EE773B671B01}.Debug|Any CPU.Build.0 = Debug|Any CPU
		{BD2DF4E7-D6EA-405E-BD73-EE773B671B01}.Release|Any CPU.ActiveCfg = Release|Any CPU
		{BD2DF4E7-D6EA-405E-BD73-EE773B671B01}.Release|Any CPU.Build.0 = Release|Any CPU
		{AF267FBE-6991-4D55-AD48-1A2FC80BE87F}.Debug|Any CPU.ActiveCfg = Debug|Any CPU
		{AF267FBE-6991-4D55-AD48-1A2FC80BE87F}.Debug|Any CPU.Build.0 = Debug|Any CPU
		{AF267FBE-6991-4D55-AD48-1A2FC80BE87F}.Release|Any CPU.ActiveCfg = Release|Any CPU
		{AF267FBE-6991-4D55-AD48-1A2FC80BE87F}.Release|Any CPU.Build.0 = Release|Any CPU
	EndGlobalSection
	GlobalSection(SolutionProperties) = preSolution
		HideSolutionNode = FALSE
	EndGlobalSection
	GlobalSection(ExtensibilityGlobals) = postSolution
		SolutionGuid = {6DC4591F-1BFD-4C67-94B2-59CBB1C745A7}
	EndGlobalSection
EndGlobal
